// !$*UTF8*$!
{
	archiveVersion = 1;
	classes = {
	};
	objectVersion = 56;
	objects = {

/* Begin PBXBuildFile section */
		F528ACB62A164F5E00D67C0B /* AppDelegate.swift in Sources */ = {isa = PBXBuildFile; fileRef = F528ACB52A164F5E00D67C0B /* AppDelegate.swift */; };
		F528ACB82A164F5E00D67C0B /* SceneDelegate.swift in Sources */ = {isa = PBXBuildFile; fileRef = F528ACB72A164F5E00D67C0B /* SceneDelegate.swift */; };
		F528ACBA2A164F5E00D67C0B /* ViewController.swift in Sources */ = {isa = PBXBuildFile; fileRef = F528ACB92A164F5E00D67C0B /* ViewController.swift */; };
		F528ACBD2A164F5E00D67C0B /* Main.storyboard in Resources */ = {isa = PBXBuildFile; fileRef = F528ACBB2A164F5E00D67C0B /* Main.storyboard */; };
		F528ACBF2A164F6000D67C0B /* Assets.xcassets in Resources */ = {isa = PBXBuildFile; fileRef = F528ACBE2A164F6000D67C0B /* Assets.xcassets */; };
		F528ACC22A164F6000D67C0B /* LaunchScreen.storyboard in Resources */ = {isa = PBXBuildFile; fileRef = F528ACC02A164F6000D67C0B /* LaunchScreen.storyboard */; };
		F54C26EF2A320475007AF3A7 /* Localizable.strings in Resources */ = {isa = PBXBuildFile; fileRef = F54C26F12A320475007AF3A7 /* Localizable.strings */; };
		F54C26F62A320D4C007AF3A7 /* SampleQModel.swift in Sources */ = {isa = PBXBuildFile; fileRef = F54C26F52A320D4C007AF3A7 /* SampleQModel.swift */; };
		F54C26F82A338560007AF3A7 /* Mulish-VariableFont_wght.ttf in Resources */ = {isa = PBXBuildFile; fileRef = F54C26F72A338560007AF3A7 /* Mulish-VariableFont_wght.ttf */; };
		F551F5572A30E7AE001C543E /* TableViewCell.swift in Sources */ = {isa = PBXBuildFile; fileRef = F551F5562A30E7AE001C543E /* TableViewCell.swift */; };
/* End PBXBuildFile section */

/* Begin PBXFileReference section */
		F528ACB22A164F5E00D67C0B /* TutorialScreen.app */ = {isa = PBXFileReference; explicitFileType = wrapper.application; includeInIndex = 0; path = TutorialScreen.app; sourceTree = BUILT_PRODUCTS_DIR; };
		F528ACB52A164F5E00D67C0B /* AppDelegate.swift */ = {isa = PBXFileReference; lastKnownFileType = sourcecode.swift; path = AppDelegate.swift; sourceTree = "<group>"; };
		F528ACB72A164F5E00D67C0B /* SceneDelegate.swift */ = {isa = PBXFileReference; lastKnownFileType = sourcecode.swift; path = SceneDelegate.swift; sourceTree = "<group>"; };
		F528ACB92A164F5E00D67C0B /* ViewController.swift */ = {isa = PBXFileReference; lastKnownFileType = sourcecode.swift; path = ViewController.swift; sourceTree = "<group>"; };
		F528ACBC2A164F5E00D67C0B /* Base */ = {isa = PBXFileReference; lastKnownFileType = file.storyboard; name = Base; path = Base.lproj/Main.storyboard; sourceTree = "<group>"; };
		F528ACBE2A164F6000D67C0B /* Assets.xcassets */ = {isa = PBXFileReference; lastKnownFileType = folder.assetcatalog; path = Assets.xcassets; sourceTree = "<group>"; };
		F528ACC12A164F6000D67C0B /* Base */ = {isa = PBXFileReference; lastKnownFileType = file.storyboard; name = Base; path = Base.lproj/LaunchScreen.storyboard; sourceTree = "<group>"; };
		F528ACC32A164F6000D67C0B /* Info.plist */ = {isa = PBXFileReference; lastKnownFileType = text.plist.xml; path = Info.plist; sourceTree = "<group>"; };
		F54C26F02A320475007AF3A7 /* en */ = {isa = PBXFileReference; lastKnownFileType = text.plist.strings; name = en; path = en.lproj/Localizable.strings; sourceTree = "<group>"; };
		F54C26F22A32053F007AF3A7 /* ja */ = {isa = PBXFileReference; lastKnownFileType = text.plist.strings; name = ja; path = ja.lproj/Main.strings; sourceTree = "<group>"; };
		F54C26F32A32053F007AF3A7 /* ja */ = {isa = PBXFileReference; lastKnownFileType = text.plist.strings; name = ja; path = ja.lproj/LaunchScreen.strings; sourceTree = "<group>"; };
		F54C26F42A32053F007AF3A7 /* ja */ = {isa = PBXFileReference; lastKnownFileType = text.plist.strings; name = ja; path = ja.lproj/Localizable.strings; sourceTree = "<group>"; };
		F54C26F52A320D4C007AF3A7 /* SampleQModel.swift */ = {isa = PBXFileReference; lastKnownFileType = sourcecode.swift; path = SampleQModel.swift; sourceTree = "<group>"; };
		F54C26F72A338560007AF3A7 /* Mulish-VariableFont_wght.ttf */ = {isa = PBXFileReference; lastKnownFileType = file; path = "Mulish-VariableFont_wght.ttf"; sourceTree = "<group>"; };
		F551F5562A30E7AE001C543E /* TableViewCell.swift */ = {isa = PBXFileReference; lastKnownFileType = sourcecode.swift; path = TableViewCell.swift; sourceTree = "<group>"; };
/* End PBXFileReference section */

/* Begin PBXFrameworksBuildPhase section */
		F528ACAF2A164F5E00D67C0B /* Frameworks */ = {
			isa = PBXFrameworksBuildPhase;
			buildActionMask = 2147483647;
			files = (
			);
			runOnlyForDeploymentPostprocessing = 0;
		};
/* End PBXFrameworksBuildPhase section */

/* Begin PBXGroup section */
		F528ACA92A164F5E00D67C0B = {
			isa = PBXGroup;
			children = (
				F54C26F12A320475007AF3A7 /* Localizable.strings */,
				F528ACB42A164F5E00D67C0B /* TutorialScreen */,
				F528ACB32A164F5E00D67C0B /* Products */,
			);
			sourceTree = "<group>";
		};
		F528ACB32A164F5E00D67C0B /* Products */ = {
			isa = PBXGroup;
			children = (
				F528ACB22A164F5E00D67C0B /* TutorialScreen.app */,
			);
			name = Products;
			sourceTree = "<group>";
		};
		F528ACB42A164F5E00D67C0B /* TutorialScreen */ = {
			isa = PBXGroup;
			children = (
				F54C26F52A320D4C007AF3A7 /* SampleQModel.swift */,
				F528ACB52A164F5E00D67C0B /* AppDelegate.swift */,
				F528ACB72A164F5E00D67C0B /* SceneDelegate.swift */,
				F528ACB92A164F5E00D67C0B /* ViewController.swift */,
				F551F5562A30E7AE001C543E /* TableViewCell.swift */,
				F528ACBB2A164F5E00D67C0B /* Main.storyboard */,
				F528ACBE2A164F6000D67C0B /* Assets.xcassets */,
				F528ACC02A164F6000D67C0B /* LaunchScreen.storyboard */,
				F528ACC32A164F6000D67C0B /* Info.plist */,
				F54C26F72A338560007AF3A7 /* Mulish-VariableFont_wght.ttf */,
			);
			path = TutorialScreen;
			sourceTree = "<group>";
		};
/* End PBXGroup section */

/* Begin PBXNativeTarget section */
		F528ACB12A164F5E00D67C0B /* TutorialScreen */ = {
			isa = PBXNativeTarget;
			buildConfigurationList = F528ACC62A164F6000D67C0B /* Build configuration list for PBXNativeTarget "TutorialScreen" */;
			buildPhases = (
				F528ACAE2A164F5E00D67C0B /* Sources */,
				F528ACAF2A164F5E00D67C0B /* Frameworks */,
				F528ACB02A164F5E00D67C0B /* Resources */,
			);
			buildRules = (
			);
			dependencies = (
			);
			name = TutorialScreen;
			productName = TutorialScreen;
			productReference = F528ACB22A164F5E00D67C0B /* TutorialScreen.app */;
			productType = "com.apple.product-type.application";
		};
/* End PBXNativeTarget section */

/* Begin PBXProject section */
		F528ACAA2A164F5E00D67C0B /* Project object */ = {
			isa = PBXProject;
			attributes = {
				BuildIndependentTargetsInParallel = 1;
				LastSwiftUpdateCheck = 1430;
				LastUpgradeCheck = 1430;
				TargetAttributes = {
					F528ACB12A164F5E00D67C0B = {
						CreatedOnToolsVersion = 14.3;
					};
				};
			};
			buildConfigurationList = F528ACAD2A164F5E00D67C0B /* Build configuration list for PBXProject "TutorialScreen" */;
			compatibilityVersion = "Xcode 14.0";
			developmentRegion = en;
			hasScannedForEncodings = 0;
			knownRegions = (
				en,
				Base,
				ja,
			);
			mainGroup = F528ACA92A164F5E00D67C0B;
			productRefGroup = F528ACB32A164F5E00D67C0B /* Products */;
			projectDirPath = "";
			projectRoot = "";
			targets = (
				F528ACB12A164F5E00D67C0B /* TutorialScreen */,
			);
		};
/* End PBXProject section */

/* Begin PBXResourcesBuildPhase section */
		F528ACB02A164F5E00D67C0B /* Resources */ = {
			isa = PBXResourcesBuildPhase;
			buildActionMask = 2147483647;
			files = (
				F528ACC22A164F6000D67C0B /* LaunchScreen.storyboard in Resources */,
				F54C26EF2A320475007AF3A7 /* Localizable.strings in Resources */,
				F528ACBF2A164F6000D67C0B /* Assets.xcassets in Resources */,
				F54C26F82A338560007AF3A7 /* Mulish-VariableFont_wght.ttf in Resources */,
				F528ACBD2A164F5E00D67C0B /* Main.storyboard in Resources */,
			);
			runOnlyForDeploymentPostprocessing = 0;
		};
/* End PBXResourcesBuildPhase section */

/* Begin PBXSourcesBuildPhase section */
		F528ACAE2A164F5E00D67C0B /* Sources */ = {
			isa = PBXSourcesBuildPhase;
			buildActionMask = 2147483647;
			files = (
				F528ACBA2A164F5E00D67C0B /* ViewController.swift in Sources */,
				F551F5572A30E7AE001C543E /* TableViewCell.swift in Sources */,
				F528ACB62A164F5E00D67C0B /* AppDelegate.swift in Sources */,
				F54C26F62A320D4C007AF3A7 /* SampleQModel.swift in Sources */,
				F528ACB82A164F5E00D67C0B /* SceneDelegate.swift in Sources */,
			);
			runOnlyForDeploymentPostprocessing = 0;
		};
/* End PBXSourcesBuildPhase section */

/* Begin PBXVariantGroup section */
		F528ACBB2A164F5E00D67C0B /* Main.storyboard */ = {
			isa = PBXVariantGroup;
			children = (
				F528ACBC2A164F5E00D67C0B /* Base */,
				F54C26F22A32053F007AF3A7 /* ja */,
			);
			name = Main.storyboard;
			sourceTree = "<group>";
		};
		F528ACC02A164F6000D67C0B /* LaunchScreen.storyboard */ = {
			isa = PBXVariantGroup;
			children = (
				F528ACC12A164F6000D67C0B /* Base */,
				F54C26F32A32053F007AF3A7 /* ja */,
			);
			name = LaunchScreen.storyboard;
			sourceTree = "<group>";
		};
		F54C26F12A320475007AF3A7 /* Localizable.strings */ = {
			isa = PBXVariantGroup;
			children = (
				F54C26F02A320475007AF3A7 /* en */,
				F54C26F42A32053F007AF3A7 /* ja */,
			);
			name = Localizable.strings;
			sourceTree = "<group>";
		};
/* End PBXVariantGroup section */

/* Begin XCBuildConfiguration section */
		F528ACC42A164F6000D67C0B /* Debug */ = {
			isa = XCBuildConfiguration;
			buildSettings = {
				ALWAYS_SEARCH_USER_PATHS = NO;
				CLANG_ANALYZER_LOCALIZABILITY_NONLOCALIZED = YES;
				CLANG_ANALYZER_NONNULL = YES;
				CLANG_ANALYZER_NUMBER_OBJECT_CONVERSION = YES_AGGRESSIVE;
				CLANG_CXX_LANGUAGE_STANDARD = "gnu++20";
				CLANG_ENABLE_MODULES = YES;
				CLANG_ENABLE_OBJC_ARC = YES;
				CLANG_ENABLE_OBJC_WEAK = YES;
				CLANG_WARN_BLOCK_CAPTURE_AUTORELEASING = YES;
				CLANG_WARN_BOOL_CONVERSION = YES;
				CLANG_WARN_COMMA = YES;
				CLANG_WARN_CONSTANT_CONVERSION = YES;
				CLANG_WARN_DEPRECATED_OBJC_IMPLEMENTATIONS = YES;
				CLANG_WARN_DIRECT_OBJC_ISA_USAGE = YES_ERROR;
				CLANG_WARN_DOCUMENTATION_COMMENTS = YES;
				CLANG_WARN_EMPTY_BODY = YES;
				CLANG_WARN_ENUM_CONVERSION = YES;
				CLANG_WARN_INFINITE_RECURSION = YES;
				CLANG_WARN_INT_CONVERSION = YES;
				CLANG_WARN_NON_LITERAL_NULL_CONVERSION = YES;
				CLANG_WARN_OBJC_IMPLICIT_RETAIN_SELF = YES;
				CLANG_WARN_OBJC_LITERAL_CONVERSION = YES;
				CLANG_WARN_OBJC_ROOT_CLASS = YES_ERROR;
				CLANG_WARN_QUOTED_INCLUDE_IN_FRAMEWORK_HEADER = YES;
				CLANG_WARN_RANGE_LOOP_ANALYSIS = YES;
				CLANG_WARN_STRICT_PROTOTYPES = YES;
				CLANG_WARN_SUSPICIOUS_MOVE = YES;
				CLANG_WARN_UNGUARDED_AVAILABILITY = YES_AGGRESSIVE;
				CLANG_WARN_UNREACHABLE_CODE = YES;
				CLANG_WARN__DUPLICATE_METHOD_MATCH = YES;
				COPY_PHASE_STRIP = NO;
				DEBUG_INFORMATION_FORMAT = dwarf;
				ENABLE_STRICT_OBJC_MSGSEND = YES;
				ENABLE_TESTABILITY = YES;
				GCC_C_LANGUAGE_STANDARD = gnu11;
				GCC_DYNAMIC_NO_PIC = NO;
				GCC_NO_COMMON_BLOCKS = YES;
				GCC_OPTIMIZATION_LEVEL = 0;
				GCC_PREPROCESSOR_DEFINITIONS = (
					"DEBUG=1",
					"$(inherited)",
				);
				GCC_WARN_64_TO_32_BIT_CONVERSION = YES;
				GCC_WARN_ABOUT_RETURN_TYPE = YES_ERROR;
				GCC_WARN_UNDECLARED_SELECTOR = YES;
				GCC_WARN_UNINITIALIZED_AUTOS = YES_AGGRESSIVE;
				GCC_WARN_UNUSED_FUNCTION = YES;
				GCC_WARN_UNUSED_VARIABLE = YES;
				IPHONEOS_DEPLOYMENT_TARGET = 16.4;
				MTL_ENABLE_DEBUG_INFO = INCLUDE_SOURCE;
				MTL_FAST_MATH = YES;
				ONLY_ACTIVE_ARCH = YES;
				SDKROOT = iphoneos;
				SWIFT_ACTIVE_COMPILATION_CONDITIONS = DEBUG;
				SWIFT_OPTIMIZATION_LEVEL = "-Onone";
			};
			name = Debug;
		};
		F528ACC52A164F6000D67C0B /* Release */ = {
			isa = XCBuildConfiguration;
			buildSettings = {
				ALWAYS_SEARCH_USER_PATHS = NO;
				CLANG_ANALYZER_LOCALIZABILITY_NONLOCALIZED = YES;
				CLANG_ANALYZER_NONNULL = YES;
				CLANG_ANALYZER_NUMBER_OBJECT_CONVERSION = YES_AGGRESSIVE;
				CLANG_CXX_LANGUAGE_STANDARD = "gnu++20";
				CLANG_ENABLE_MODULES = YES;
				CLANG_ENABLE_OBJC_ARC = YES;
				CLANG_ENABLE_OBJC_WEAK = YES;
				CLANG_WARN_BLOCK_CAPTURE_AUTORELEASING = YES;
				CLANG_WARN_BOOL_CONVERSION = YES;
				CLANG_WARN_COMMA = YES;
				CLANG_WARN_CONSTANT_CONVERSION = YES;
				CLANG_WARN_DEPRECATED_OBJC_IMPLEMENTATIONS = YES;
				CLANG_WARN_DIRECT_OBJC_ISA_USAGE = YES_ERROR;
				CLANG_WARN_DOCUMENTATION_COMMENTS = YES;
				CLANG_WARN_EMPTY_BODY = YES;
				CLANG_WARN_ENUM_CONVERSION = YES;
				CLANG_WARN_INFINITE_RECURSION = YES;
				CLANG_WARN_INT_CONVERSION = YES;
				CLANG_WARN_NON_LITERAL_NULL_CONVERSION = YES;
				CLANG_WARN_OBJC_IMPLICIT_RETAIN_SELF = YES;
				CLANG_WARN_OBJC_LITERAL_CONVERSION = YES;
				CLANG_WARN_OBJC_ROOT_CLASS = YES_ERROR;
				CLANG_WARN_QUOTED_INCLUDE_IN_FRAMEWORK_HEADER = YES;
				CLANG_WARN_RANGE_LOOP_ANALYSIS = YES;
				CLANG_WARN_STRICT_PROTOTYPES = YES;
				CLANG_WARN_SUSPICIOUS_MOVE = YES;
				CLANG_WARN_UNGUARDED_AVAILABILITY = YES_AGGRESSIVE;
				CLANG_WARN_UNREACHABLE_CODE = YES;
				CLANG_WARN__DUPLICATE_METHOD_MATCH = YES;
				COPY_PHASE_STRIP = NO;
				DEBUG_INFORMATION_FORMAT = "dwarf-with-dsym";
				ENABLE_NS_ASSERTIONS = NO;
				ENABLE_STRICT_OBJC_MSGSEND = YES;
				GCC_C_LANGUAGE_STANDARD = gnu11;
				GCC_NO_COMMON_BLOCKS = YES;
				GCC_WARN_64_TO_32_BIT_CONVERSION = YES;
				GCC_WARN_ABOUT_RETURN_TYPE = YES_ERROR;
				GCC_WARN_UNDECLARED_SELECTOR = YES;
				GCC_WARN_UNINITIALIZED_AUTOS = YES_AGGRESSIVE;
				GCC_WARN_UNUSED_FUNCTION = YES;
				GCC_WARN_UNUSED_VARIABLE = YES;
				IPHONEOS_DEPLOYMENT_TARGET = 16.4;
				MTL_ENABLE_DEBUG_INFO = NO;
				MTL_FAST_MATH = YES;
				SDKROOT = iphoneos;
				SWIFT_COMPILATION_MODE = wholemodule;
				SWIFT_OPTIMIZATION_LEVEL = "-O";
				VALIDATE_PRODUCT = YES;
			};
			name = Release;
		};
		F528ACC72A164F6000D67C0B /* Debug */ = {
			isa = XCBuildConfiguration;
			buildSettings = {
				ASSETCATALOG_COMPILER_APPICON_NAME = AppIcon;
				ASSETCATALOG_COMPILER_GLOBAL_ACCENT_COLOR_NAME = AccentColor;
				CODE_SIGN_STYLE = Automatic;
				CURRENT_PROJECT_VERSION = 1;
				DEVELOPMENT_TEAM = 7VNU6XY9L9;
				GENERATE_INFOPLIST_FILE = YES;
				INFOPLIST_FILE = TutorialScreen/Info.plist;
				INFOPLIST_KEY_UIApplicationSupportsIndirectInputEvents = YES;
				INFOPLIST_KEY_UILaunchStoryboardName = LaunchScreen;
				INFOPLIST_KEY_UIMainStoryboardFile = Main;
				INFOPLIST_KEY_UISupportedInterfaceOrientations_iPad = "UIInterfaceOrientationPortrait UIInterfaceOrientationPortraitUpsideDown UIInterfaceOrientationLandscapeLeft UIInterfaceOrientationLandscapeRight";
				INFOPLIST_KEY_UISupportedInterfaceOrientations_iPhone = "UIInterfaceOrientationPortrait UIInterfaceOrientationLandscapeLeft UIInterfaceOrientationLandscapeRight";
				LD_RUNPATH_SEARCH_PATHS = (
					"$(inherited)",
					"@executable_path/Frameworks",
				);
				MARKETING_VERSION = 1.0;
				PRODUCT_BUNDLE_IDENTIFIER = com.Masayuki.TutorialScreen;
				PRODUCT_NAME = "$(TARGET_NAME)";
				SWIFT_EMIT_LOC_STRINGS = YES;
				SWIFT_VERSION = 5.0;
				TARGETED_DEVICE_FAMILY = "1,2";
			};
			name = Debug;
		};
		F528ACC82A164F6000D67C0B /* Release */ = {
			isa = XCBuildConfiguration;
			buildSettings = {
				ASSETCATALOG_COMPILER_APPICON_NAME = AppIcon;
				ASSETCATALOG_COMPILER_GLOBAL_ACCENT_COLOR_NAME = AccentColor;
				CODE_SIGN_STYLE = Automatic;
				CURRENT_PROJECT_VERSION = 1;
				DEVELOPMENT_TEAM = 7VNU6XY9L9;
				GENERATE_INFOPLIST_FILE = YES;
				INFOPLIST_FILE = TutorialScreen/Info.plist;
				INFOPLIST_KEY_UIApplicationSupportsIndirectInputEvents = YES;
				INFOPLIST_KEY_UILaunchStoryboardName = LaunchScreen;
				INFOPLIST_KEY_UIMainStoryboardFile = Main;
				INFOPLIST_KEY_UISupportedInterfaceOrientations_iPad = "UIInterfaceOrientationPortrait UIInterfaceOrientationPortraitUpsideDown UIInterfaceOrientationLandscapeLeft UIInterfaceOrientationLandscapeRight";
				INFOPLIST_KEY_UISupportedInterfaceOrientations_iPhone = "UIInterfaceOrientationPortrait UIInterfaceOrientationLandscapeLeft UIInterfaceOrientationLandscapeRight";
				LD_RUNPATH_SEARCH_PATHS = (
					"$(inherited)",
					"@executable_path/Frameworks",
				);
				MARKETING_VERSION = 1.0;
				PRODUCT_BUNDLE_IDENTIFIER = com.Masayuki.TutorialScreen;
				PRODUCT_NAME = "$(TARGET_NAME)";
				SWIFT_EMIT_LOC_STRINGS = YES;
				SWIFT_VERSION = 5.0;
				TARGETED_DEVICE_FAMILY = "1,2";
			};
			name = Release;
		};
/* End XCBuildConfiguration section */

/* Begin XCConfigurationList section */
		F528ACAD2A164F5E00D67C0B /* Build configuration list for PBXProject "TutorialScreen" */ = {
			isa = XCConfigurationList;
			buildConfigurations = (
				F528ACC42A164F6000D67C0B /* Debug */,
				F528ACC52A164F6000D67C0B /* Release */,
			);
			defaultConfigurationIsVisible = 0;
			defaultConfigurationName = Release;
		};
		F528ACC62A164F6000D67C0B /* Build configuration list for PBXNativeTarget "TutorialScreen" */ = {
			isa = XCConfigurationList;
			buildConfigurations = (
				F528ACC72A164F6000D67C0B /* Debug */,
				F528ACC82A164F6000D67C0B /* Release */,
			);
			defaultConfigurationIsVisible = 0;
			defaultConfigurationName = Release;
		};
/* End XCConfigurationList section */
	};
	rootObject = F528ACAA2A164F5E00D67C0B /* Project object */;
}
